
Microsoft Visual Studio Solution File, Format Version 12.00
# Visual Studio Version 17
VisualStudioVersion = 17.0.31903.59
MinimumVisualStudioVersion = 10.0.40219.1
Project("{FAE04EC0-301F-11D3-BF4B-00C04F79EFBC}") = "Bakery", "Bakery\Bakery.csproj", "{619F3B52-4C80-4459-9D6D-68A0011C0CBA}"
EndProject
Project("{FAE04EC0-301F-11D3-BF4B-00C04F79EFBC}") = "Bakery.Tests", "Bakery.Tests\Bakery.Tests.csproj", "{64B36BE7-C198-4888-A952-27B75B84E00B}"
EndProject
Global
	GlobalSection(SolutionConfigurationPlatforms) = preSolution
		Debug|Any CPU = Debug|Any CPU
		Release|Any CPU = Release|Any CPU
	EndGlobalSection
	GlobalSection(SolutionProperties) = preSolution
		HideSolutionNode = FALSE
	EndGlobalSection
	GlobalSection(ProjectConfigurationPlatforms) = postSolution
		{619F3B52-4C80-4459-9D6D-68A0011C0CBA}.Debug|Any CPU.ActiveCfg = Debug|Any CPU
		{619F3B52-4C80-4459-9D6D-68A0011C0CBA}.Debug|Any CPU.Build.0 = Debug|Any CPU
		{619F3B52-4C80-4459-9D6D-68A0011C0CBA}.Release|Any CPU.ActiveCfg = Release|Any CPU
		{619F3B52-4C80-4459-9D6D-68A0011C0CBA}.Release|Any CPU.Build.0 = Release|Any CPU
		{64B36BE7-C198-4888-A952-27B75B84E00B}.Debug|Any CPU.ActiveCfg = Debug|Any CPU
		{64B36BE7-C198-4888-A952-27B75B84E00B}.Debug|Any CPU.Build.0 = Debug|Any CPU
		{64B36BE7-C198-4888-A952-27B75B84E00B}.Release|Any CPU.ActiveCfg = Release|Any CPU
		{64B36BE7-C198-4888-A952-27B75B84E00B}.Release|Any CPU.Build.0 = Release|Any CPU
	EndGlobalSection
EndGlobal
