
Microsoft Visual Studio Solution File, Format Version 12.00
# Visual Studio Version 17
VisualStudioVersion = 17.5.002.0
MinimumVisualStudioVersion = 10.0.40219.1
Project("{9A19103F-16F7-4668-BE54-9A1E7A4F7556}") = "Bakery", "Bakery\Bakery.csproj", "{6F807356-3216-4263-B1C3-0609EF7763C1}"
EndProject
Global
	GlobalSection(SolutionConfigurationPlatforms) = preSolution
		Debug|Any CPU = Debug|Any CPU
		Release|Any CPU = Release|Any CPU
	EndGlobalSection
	GlobalSection(ProjectConfigurationPlatforms) = postSolution
		{6F807356-3216-4263-B1C3-0609EF7763C1}.Debug|Any CPU.ActiveCfg = Debug|Any CPU
		{6F807356-3216-4263-B1C3-0609EF7763C1}.Debug|Any CPU.Build.0 = Debug|Any CPU
		{6F807356-3216-4263-B1C3-0609EF7763C1}.Release|Any CPU.ActiveCfg = Release|Any CPU
		{6F807356-3216-4263-B1C3-0609EF7763C1}.Release|Any CPU.Build.0 = Release|Any CPU
	EndGlobalSection
	GlobalSection(SolutionProperties) = preSolution
		HideSolutionNode = FALSE
	EndGlobalSection
	GlobalSection(ExtensibilityGlobals) = postSolution
		SolutionGuid = {4B3D1CE2-7C91-4B36-B96F-622AD6016B5D}
	EndGlobalSection
EndGlobal
